
Microsoft Visual Studio Solution File, Format Version 12.00
# Visual Studio Version 17
VisualStudioVersion = 17.7.34031.279
MinimumVisualStudioVersion = 10.0.40219.1
Project("{8BC9CEB8-8B4A-11D0-8D11-00A0C91BC942}") = "03_01", "03_01.vcxproj", "{763F2AA8-5E72-4ECA-981B-A2CF34C978AE}"
EndProject
Global
	GlobalSection(SolutionConfigurationPlatforms) = preSolution
		Debug|x64 = Debug|x64
		Release|x64 = Release|x64
	EndGlobalSection
	GlobalSection(ProjectConfigurationPlatforms) = postSolution
		{763F2AA8-5E72-4ECA-981B-A2CF34C978AE}.Debug|x64.ActiveCfg = Debug|x64
		{763F2AA8-5E72-4ECA-981B-A2CF34C978AE}.Debug|x64.Build.0 = Debug|x64
		{763F2AA8-5E72-4ECA-981B-A2CF34C978AE}.Release|x64.ActiveCfg = Release|x64
		{763F2AA8-5E72-4ECA-981B-A2CF34C978AE}.Release|x64.Build.0 = Release|x64
	EndGlobalSection
	GlobalSection(SolutionProperties) = preSolution
		HideSolutionNode = FALSE
	EndGlobalSection
	GlobalSection(ExtensibilityGlobals) = postSolution
		SolutionGuid = {91A523A7-8F17-4B75-BF51-734ADFF671A8}
	EndGlobalSection
EndGlobal
